Microsoft Visual Studio Solution File, Format Version 12.00
# Visual Studio Version 17
VisualStudioVersion = 17.5.2.0
MinimumVisualStudioVersion = 10.0.40219.1
Project("{2150E333-8FDC-42A3-9474-1A3956D46DE8}") = "SFCore.FineTunerX.ChatGPT", "SFCore.FineTunerX.ChatGPT", "{6A698A70-55FF-CAD9-F5F3-B140B00C608C}"
EndProject
Project("{FAE04EC0-301F-11D3-BF4B-00C04F79EFBC}") = "SFCore.FineTuner.Web", "SFCore.FineTuner.Web\SFCore.FineTuner.Web.csproj", "{5C08C5F5-BF74-7732-CB97-C2371A9FED43}"
EndProject
Global
	GlobalSection(SolutionConfigurationPlatforms) = preSolution
		Debug|Any CPU = Debug|Any CPU
		Release|Any CPU = Release|Any CPU
	EndGlobalSection
	GlobalSection(ProjectConfigurationPlatforms) = postSolution
		{5C08C5F5-BF74-7732-CB97-C2371A9FED43}.Debug|Any CPU.ActiveCfg = Debug|Any CPU
		{5C08C5F5-BF74-7732-CB97-C2371A9FED43}.Debug|Any CPU.Build.0 = Debug|Any CPU
		{5C08C5F5-BF74-7732-CB97-C2371A9FED43}.Release|Any CPU.ActiveCfg = Release|Any CPU
		{5C08C5F5-BF74-7732-CB97-C2371A9FED43}.Release|Any CPU.Build.0 = Release|Any CPU
	EndGlobalSection
	GlobalSection(SolutionProperties) = preSolution
		HideSolutionNode = FALSE
	EndGlobalSection
	GlobalSection(NestedProjects) = preSolution
		{5C08C5F5-BF74-7732-CB97-C2371A9FED43} = {6A698A70-55FF-CAD9-F5F3-B140B00C608C}
	EndGlobalSection
	GlobalSection(ExtensibilityGlobals) = postSolution
		SolutionGuid = {DEC795BB-0217-435C-A7AE-244E856C8F09}
	EndGlobalSection
EndGlobal
